
Microsoft Visual Studio Solution File, Format Version 12.00
# Visual Studio Version 16
VisualStudioVersion = 16.0.29709.97
MinimumVisualStudioVersion = 10.0.40219.1
Project("{FAE04EC0-301F-11D3-BF4B-00C04F79EFBC}") = "mysql.helper", "mysql.helper.csproj", "{A9E5DBB4-7071-4456-B245-84CB8767DB83}"
EndProject
Global
	GlobalSection(SolutionConfigurationPlatforms) = preSolution
		Debug|Any CPU = Debug|Any CPU
		Release|Any CPU = Release|Any CPU
	EndGlobalSection
	GlobalSection(ProjectConfigurationPlatforms) = postSolution
		{A9E5DBB4-7071-4456-B245-84CB8767DB83}.Debug|Any CPU.ActiveCfg = Debug|Any CPU
		{A9E5DBB4-7071-4456-B245-84CB8767DB83}.Debug|Any CPU.Build.0 = Debug|Any CPU
		{A9E5DBB4-7071-4456-B245-84CB8767DB83}.Release|Any CPU.ActiveCfg = Release|Any CPU
		{A9E5DBB4-7071-4456-B245-84CB8767DB83}.Release|Any CPU.Build.0 = Release|Any CPU
	EndGlobalSection
	GlobalSection(SolutionProperties) = preSolution
		HideSolutionNode = FALSE
	EndGlobalSection
	GlobalSection(ExtensibilityGlobals) = postSolution
		SolutionGuid = {27AB0374-4D68-4B1D-8BED-7AD180EBA78D}
	EndGlobalSection
EndGlobal
